
Microsoft Visual Studio Solution File, Format Version 12.00
# Visual Studio Version 16
VisualStudioVersion = 16.0.30309.148
MinimumVisualStudioVersion = 10.0.40219.1
Project("{9A19103F-16F7-4668-BE54-9A1E7A4F7556}") = "DevOpsTechChallenge.API", "DevOpsTechChallenge.API\DevOpsTechChallenge.API.csproj", "{833B0471-6101-4130-A976-EF1F18620CCC}"
EndProject
Project("{9A19103F-16F7-4668-BE54-9A1E7A4F7556}") = "DevOpsTechChallenge.ChallengeThree", "DevOpsTechChallenge.ChallengeThree\DevOpsTechChallenge.ChallengeThree.csproj", "{7563A1F2-3579-4406-99F7-380CB05F37DB}"
EndProject
Project("{9A19103F-16F7-4668-BE54-9A1E7A4F7556}") = "DevOpsTechChallenge.ChallengeThree.UnitTests", "DevOpsTechChallenge.ChallengeThree.UnitTests\DevOpsTechChallenge.ChallengeThree.UnitTests.csproj", "{B9239F1F-B64B-4AA3-9281-9838B047F757}"
EndProject
Project("{9A19103F-16F7-4668-BE54-9A1E7A4F7556}") = "_build", "build\_build.csproj", "{7696FF15-4C9A-4310-9F5C-B3748C3F3F12}"
EndProject
Project("{FAE04EC0-301F-11D3-BF4B-00C04F79EFBC}") = "DevOpsTechChallenge.Repositories", "DevOpsTechChallenge.Repositories\DevOpsTechChallenge.Repositories.csproj", "{5C845BE7-D103-4234-BD34-BB0BDB72CF05}"
EndProject
Global
	GlobalSection(SolutionConfigurationPlatforms) = preSolution
		Debug|Any CPU = Debug|Any CPU
		Release|Any CPU = Release|Any CPU
	EndGlobalSection
	GlobalSection(ProjectConfigurationPlatforms) = postSolution
		{833B0471-6101-4130-A976-EF1F18620CCC}.Debug|Any CPU.ActiveCfg = Debug|Any CPU
		{833B0471-6101-4130-A976-EF1F18620CCC}.Debug|Any CPU.Build.0 = Debug|Any CPU
		{833B0471-6101-4130-A976-EF1F18620CCC}.Release|Any CPU.ActiveCfg = Release|Any CPU
		{833B0471-6101-4130-A976-EF1F18620CCC}.Release|Any CPU.Build.0 = Release|Any CPU
		{7563A1F2-3579-4406-99F7-380CB05F37DB}.Debug|Any CPU.ActiveCfg = Debug|Any CPU
		{7563A1F2-3579-4406-99F7-380CB05F37DB}.Debug|Any CPU.Build.0 = Debug|Any CPU
		{7563A1F2-3579-4406-99F7-380CB05F37DB}.Release|Any CPU.ActiveCfg = Release|Any CPU
		{7563A1F2-3579-4406-99F7-380CB05F37DB}.Release|Any CPU.Build.0 = Release|Any CPU
		{B9239F1F-B64B-4AA3-9281-9838B047F757}.Debug|Any CPU.ActiveCfg = Debug|Any CPU
		{B9239F1F-B64B-4AA3-9281-9838B047F757}.Debug|Any CPU.Build.0 = Debug|Any CPU
		{B9239F1F-B64B-4AA3-9281-9838B047F757}.Release|Any CPU.ActiveCfg = Release|Any CPU
		{B9239F1F-B64B-4AA3-9281-9838B047F757}.Release|Any CPU.Build.0 = Release|Any CPU
		{7696FF15-4C9A-4310-9F5C-B3748C3F3F12}.Debug|Any CPU.ActiveCfg = Debug|Any CPU
		{7696FF15-4C9A-4310-9F5C-B3748C3F3F12}.Release|Any CPU.ActiveCfg = Release|Any CPU
		{5C845BE7-D103-4234-BD34-BB0BDB72CF05}.Debug|Any CPU.ActiveCfg = Debug|Any CPU
		{5C845BE7-D103-4234-BD34-BB0BDB72CF05}.Debug|Any CPU.Build.0 = Debug|Any CPU
		{5C845BE7-D103-4234-BD34-BB0BDB72CF05}.Release|Any CPU.ActiveCfg = Release|Any CPU
		{5C845BE7-D103-4234-BD34-BB0BDB72CF05}.Release|Any CPU.Build.0 = Release|Any CPU
	EndGlobalSection
	GlobalSection(SolutionProperties) = preSolution
		HideSolutionNode = FALSE
	EndGlobalSection
	GlobalSection(ExtensibilityGlobals) = postSolution
		SolutionGuid = {B576C551-3EFC-460F-A68C-9B252B94F39D}
	EndGlobalSection
EndGlobal
